{
  "name": ".github",
  "lockfileVersion": 2,
  "requires": true,
  "packages": {
    "": {
      "dependencies": {
        "three": "^0.137.5"
      }
    },
    "node_modules/three": {
      "version": "0.137.5",
      "resolved": "https://registry.npmjs.org/three/-/three-0.137.5.tgz",
      "integrity": "sha512-rTyr+HDFxjnN8+N/guZjDgfVxgHptZQpf6xfL/Mo7a5JYIFwK6tAq3bzxYYB4Ae0RosDZlDuP+X5aXDXz+XnHQ=="
    }
  },
  "dependencies": {
    "three": {
      "version": "0.137.5",
      "resolved": "https://registry.npmjs.org/three/-/three-0.137.5.tgz",
      "integrity": "sha512-rTyr+HDFxjnN8+N/guZjDgfVxgHptZQpf6xfL/Mo7a5JYIFwK6tAq3bzxYYB4Ae0RosDZlDuP+X5aXDXz+XnHQ=="
    }
  }
}
